<?xml version="1.0" encoding="utf-8"?>
<Project ToolsVersion="4.0" xmlns="http://schemas.microsoft.com/developer/msbuild/2003">
  <ItemGroup>
    <ClCompile Include="dllmain.cpp" />
    <ClCompile Include="libs\detours\src\detours.cpp" />
    <ClCompile Include="libs\detours\src\disasm.cpp" />
    <ClCompile Include="libs\detours\src\image.cpp" />
    <ClCompile Include="libs\detours\src\modules.cpp" />
    <ClCompile Include="libs\discordrpc\src\connection_win.cpp" />
    <ClCompile Include="libs\discordrpc\src\discord_register_win.cpp" />
    <ClCompile Include="libs\discordrpc\src\discord_rpc.cpp" />
    <ClCompile Include="libs\discordrpc\src\dllmain.cpp" />
    <ClCompile Include="libs\discordrpc\src\rpc_connection.cpp" />
    <ClCompile Include="libs\discordrpc\src\serialization.cpp" />
    <ClCompile Include="libs\il2cpp\il2cpp.cpp" />
    <ClCompile Include="libs\imgui\imgui.cpp" />
    <ClCompile Include="libs\imgui\imgui_demo.cpp" />
    <ClCompile Include="libs\imgui\imgui_draw.cpp" />
    <ClCompile Include="libs\imgui\imgui_impl_dx11.cpp" />
    <ClCompile Include="libs\imgui\imgui_impl_win32.cpp" />
    <ClCompile Include="libs\imgui\imgui_tables.cpp" />
    <ClCompile Include="libs\imgui\imgui_widgets.cpp" />
    <ClCompile Include="libs\imgui\misc\cpp\imgui_stdlib.cpp" />
    <ClCompile Include="libs\imgui\misc\fonts\binary_to_compressed_c.cpp" />
    <ClCompile Include="libs\miniz\miniz.c" />
    <ClCompile Include="libs\miniz\miniz_tdef.c" />
    <ClCompile Include="libs\miniz\miniz_tinfl.c" />
    <ClCompile Include="libs\miniz\miniz_zip.c" />
    <ClCompile Include="libs\nlohmann\src\modules\json.cppm" />
    <ClCompile Include="libs\z85\src\z85.c" />
    <ClCompile Include="libs\z85\src\z85_impl.cpp" />
    <ClCompile Include="loader\entry.cpp" />
    <ClCompile Include="loader\proxy.cpp" />
    <ClCompile Include="main\config\config.cpp" />
    <ClCompile Include="main\config\configs_manager.cpp" />
    <ClCompile Include="main\config\LanguageManager.cpp" />
    <ClCompile Include="main\diagnostics\diagnostics.cpp" />
    <ClCompile Include="main\discordrpc\discordrpc.cpp" />
    <ClCompile Include="main\features\feats\actmonik\actmonik.cpp" />
    <ClCompile Include="main\features\feats\alwaysbloodmoon\alwaysbloodmoon.cpp" />
    <ClCompile Include="main\features\feats\antikick\antikick.cpp" />
    <ClCompile Include="main\features\feats\audiomod\audiomod.cpp" />
    <ClCompile Include="main\features\feats\autogame\autogame.cpp" />
    <ClCompile Include="main\features\feats\autopickupbone\autopickupbone.cpp" />
    <ClCompile Include="main\features\feats\awesp\awesp.cpp" />
    <ClCompile Include="main\features\feats\cosmeticsunlocker\cosmeticunlocker.cpp" />
    <ClCompile Include="main\features\feats\crosshairmod\crosshairmod.cpp" />
    <ClCompile Include="main\features\feats\crucifixesp\crucifixesp.cpp" />
    <ClCompile Include="main\features\feats\crucifixmod\crucifixmod.cpp" />
    <ClCompile Include="main\features\feats\customlooklimits\customlooklimits.cpp" />
    <ClCompile Include="main\features\feats\curseditemscontroll\curseditemscontroll.cpp" />
    <ClCompile Include="main\features\feats\custname\customname.cpp" />
    <ClCompile Include="main\features\feats\custspeed\customspeed.cpp" />
    <ClCompile Include="main\features\feats\gamespeed\gamespeed.cpp" />
    <ClCompile Include="main\features\feats\ghostgps\ghostgps.cpp" />
    <ClCompile Include="main\features\feats\soundboard\soundboard.cpp" />
    <ClCompile Include="main\features\feats\spinbot\spinbot.cpp" />
    <ClCompile Include="main\features\feats\ghostspin\ghostspin.cpp" />
    <ClCompile Include="main\features\feats\ghosthandstand\ghosthandstand.cpp" />
    <ClCompile Include="main\features\feats\diffmod\difficultymodifier.cpp" />
    <ClCompile Include="main\features\feats\doormod\doormodifier.cpp" />
    <ClCompile Include="main\features\feats\edvesp\edvesp.cpp" />
    <ClCompile Include="main\features\feats\exitvanone\exitvanone.cpp" />
    <ClCompile Include="main\features\feats\fastthermometer\fastthermometer.cpp" />
    <ClCompile Include="main\features\feats\flashlightmod\flashlightmod.cpp" />
    <ClCompile Include="main\features\feats\fontchanger\fontchanger.cpp" />
    <ClCompile Include="main\features\feats\forcestart\forcestart.cpp" />
    <ClCompile Include="main\features\feats\foveditor\foveditor.cpp" />
    <ClCompile Include="main\features\feats\fullbright\fullbright.cpp" />
    <ClCompile Include="main\features\feats\fuseesp\fuseesp.cpp" />
    <ClCompile Include="main\features\feats\fusemod\fusemod.cpp" />
    <ClCompile Include="main\features\feats\ghostdesign\ghostdesign.cpp" />
    <ClCompile Include="main\features\feats\ghostesp\ghostesp.cpp" />
    <ClCompile Include="main\features\feats\ghostinter\ghostinter.cpp" />
    <ClCompile Include="main\features\feats\ghostmod\ghostmodifier.cpp" />
    <ClCompile Include="main\features\feats\ghostpanel\ghostpanel.cpp" />
    <ClCompile Include="main\features\feats\godmode\godmode.cpp" />
    <ClCompile Include="main\features\feats\grabkey\grabkey.cpp" />
    <ClCompile Include="main\features\feats\infstamina\infinitystamina.cpp" />
    <ClCompile Include="main\features\feats\jackalopeesp\jackalopeesp.cpp" />
    <ClCompile Include="main\features\feats\journalmod\journalmod.cpp" />
    <ClCompile Include="main\features\feats\musicpanel\musicpanel.cpp" />
    <ClCompile Include="main\features\feats\photomod\photomod.cpp" />
    <ClCompile Include="main\features\feats\showmic\showmic.cpp" />
    <ClCompile Include="main\features\feats\skiplayeranim\skiplayeranim.cpp" />
    <ClCompile Include="main\features\feats\spiritboxalw\spiritboxalw.cpp" />
    <ClCompile Include="main\features\feats\staminapanel\staminapanel.cpp" />
    <ClCompile Include="main\features\feats\vanbuttonmod\vanbuttonmod.cpp" />
    <ClCompile Include="main\features\feats\mapmod\mapmodifier.cpp" />
    <ClCompile Include="main\features\feats\noclip\noclip.cpp" />
    <ClCompile Include="main\features\feats\noendgame\noendgame.cpp" />
    <ClCompile Include="main\features\feats\notifyinfo\notifyinfo.cpp" />
    <ClCompile Include="main\features\feats\pickup\pickup.cpp" />
    <ClCompile Include="main\features\feats\playeresp\playeresp.cpp" />
    <ClCompile Include="main\features\feats\playermod\playermodifier.cpp" />
    <ClCompile Include="main\features\feats\playerpanel\playerpanel.cpp" />
    <ClCompile Include="main\features\feats\potatoeesp\potatoeesp.cpp" />
    <ClCompile Include="main\features\feats\rewardmod\rewardmodifier.cpp" />
    <ClCompile Include="main\features\feats\saltmod\saltmodifier.cpp" />
    <ClCompile Include="main\features\feats\shopmod\shopmodifier.cpp" />
    <ClCompile Include="main\features\feats\statspanel\statspanel.cpp" />
    <ClCompile Include="main\features\feats\teleport\teleport.cpp" />
    <ClCompile Include="main\features\feats\temperaturepanel\temperaturepanel.cpp" />
    <ClCompile Include="main\features\feats\tests\test.cpp" />
    <ClCompile Include="main\features\feats\waterka\watermark.cpp" />
    <ClCompile Include="main\features\feature.cpp" />
    <ClCompile Include="main\hooks\Application_CallLogCallback.cpp" />
    <ClCompile Include="main\hooks\AWDoll_Awake.cpp" />
    <ClCompile Include="main\hooks\CosmeticsUnlocker.cpp" />
    <ClCompile Include="main\hooks\Crucifix_GhostUse.cpp" />
    <ClCompile Include="main\hooks\DNAEvidence_GrabbedNetworked.cpp" />
    <ClCompile Include="main\hooks\DNAEvidence_Start.cpp" />
    <ClCompile Include="main\hooks\EMFData_UpdateNightMareGraph.cpp" />
    <ClCompile Include="main\hooks\EVPRecorder_CanAnswer.cpp" />
    <ClCompile Include="main\hooks\ExitLevel_Exit.cpp" />
    <ClCompile Include="main\hooks\ExitLevel_ThereAreAlivePlayersOutsideTheTruck.cpp" />
    <ClCompile Include="main\hooks\FallTeleportBox_OnTriggerEnter.cpp" />
    <ClCompile Include="main\hooks\FirstPersonController_Update.cpp" />
    <ClCompile Include="main\hooks\GameController_Exit.cpp" />
    <ClCompile Include="main\hooks\GameController_PlayerDied.cpp" />
    <ClCompile Include="main\hooks\GhostAI_Hunting.cpp" />
    <ClCompile Include="main\hooks\GhostAI_Update.cpp" />
    <ClCompile Include="main\hooks\GhostInfo_SyncEvidence.cpp" />
    <ClCompile Include="main\hooks\GhostInfo_SyncValuesNetworked.cpp" />
    <ClCompile Include="main\hooks\HandCamera_MoveNext.cpp" />
    <ClCompile Include="main\hooks\HuntingState_ctor.cpp" />
    <ClCompile Include="main\hooks\Jackalope_Awake.cpp" />
    <ClCompile Include="main\hooks\JournalController_SendState.cpp" />
    <ClCompile Include="main\hooks\Key_GrabbedKey.cpp" />
    <ClCompile Include="main\hooks\Key_Start.cpp" />
    <ClCompile Include="main\hooks\LevelSelectionManager_Start.cpp" />
    <ClCompile Include="main\hooks\LevelValues_GetInvestigationBonusReward.cpp" />
    <ClCompile Include="main\hooks\LevelValues_IsPerfectGame.cpp" />
    <ClCompile Include="main\hooks\LiftButton_AttemptUse.cpp" />
    <ClCompile Include="main\hooks\LiftButton_Update.cpp" />
    <ClCompile Include="main\hooks\LightningController_Start.cpp" />
    <ClCompile Include="main\hooks\LightSwitch_Start.cpp" />
    <ClCompile Include="main\hooks\PhotonView_RPC.cpp" />
    <ClCompile Include="main\hooks\Player_NotifyOfDeathEnd.cpp" />
    <ClCompile Include="main\hooks\Player_NotifyOfDeathStart.cpp" />
    <ClCompile Include="main\hooks\Player_Start.cpp" />
    <ClCompile Include="main\hooks\Player_BeginDeathSequence.cpp" />
    <ClCompile Include="main\hooks\RewardManager_Awake.cpp" />
    <ClCompile Include="main\hooks\SceneManagement_Internal_SceneLoaded.cpp" />
    <ClCompile Include="main\hooks\ScriptableRenderContext_Submit.cpp" />
    <ClCompile Include="main\hooks\ServerManager_LoadScene.cpp" />
    <ClCompile Include="main\hooks\TarotCards_BreakItem.cpp" />
    <ClCompile Include="main\hooks\MediaValues_GetRewardAmount.cpp" />
    <ClCompile Include="main\hooks\ObjectiveManager_Update.cpp" />
    <ClCompile Include="main\hooks\PauseMenuController_Leave.cpp" />
    <ClCompile Include="main\hooks\PhotonObjectInteract_Start.cpp" />
    <ClCompile Include="main\hooks\PlayerStamina_Update.cpp" />
    <ClCompile Include="main\hooks\Present.cpp" />
    <ClCompile Include="main\hooks\SaltShaker_Update.cpp" />
    <ClCompile Include="main\hooks\SaltSpot_SyncSalt.cpp" />
    <ClCompile Include="main\hooks\ServerManager_KickPlayerNetworked.cpp" />
    <ClCompile Include="main\hooks\ServerManager_Ready.cpp" />
    <ClCompile Include="main\hooks\TarotCard_SetCard.cpp" />
    <ClCompile Include="main\hooks\Thermometer_HoldUse.cpp" />
    <ClCompile Include="main\hooks\VoodooDollPin_Use.cpp" />
    <ClCompile Include="main\hooks\WndProc.cpp" />
    <ClCompile Include="main\hooks\hooking.cpp" />
    <ClCompile Include="main\logging\logger.cpp" />
    <ClCompile Include="main\mem\memory.cpp" />
    <ClCompile Include="main\menu\effects\custom_background.cpp" />
    <ClCompile Include="main\menu\menu.cpp" />
    <ClCompile Include="main\menu\renderer.cpp" />
    <ClCompile Include="main\utils\utils.cpp" />
    <ClCompile Include="main\hooks\WaitForSeconds_ctor.cpp" />
  </ItemGroup>
  <ItemGroup>
    <ClInclude Include="Globals.h" />
    <ClInclude Include="Includes.h" />
    <ClInclude Include="inGame.h" />
    <ClInclude Include="libs\detours\include\detver.h" />
    <ClInclude Include="libs\detours\include\syelog.h" />
    <ClInclude Include="libs\detours\src\detours.h" />
    <ClInclude Include="libs\discordrpc\include\discord_register.h" />
    <ClInclude Include="libs\discordrpc\include\discord_rpc.h" />
    <ClInclude Include="libs\discordrpc\src\backoff.h" />
    <ClInclude Include="libs\discordrpc\src\connection.h" />
    <ClInclude Include="libs\discordrpc\src\msg_queue.h" />
    <ClInclude Include="libs\discordrpc\src\rpc_connection.h" />
    <ClInclude Include="libs\discordrpc\src\serialization.h" />
    <ClInclude Include="libs\il2cpp\il2cpp.h" />
    <ClInclude Include="libs\imgui\imconfig.h" />
    <ClInclude Include="libs\imgui\imgui.h" />
    <ClInclude Include="libs\imgui\imgui_impl_dx11.h" />
    <ClInclude Include="libs\imgui\imgui_impl_win32.h" />
    <ClInclude Include="libs\imgui\imgui_internal.h" />
    <ClInclude Include="libs\imgui\imstb_rectpack.h" />
    <ClInclude Include="libs\imgui\imstb_textedit.h" />
    <ClInclude Include="libs\imgui\imstb_truetype.h" />
    <ClInclude Include="libs\imgui\misc\cpp\imgui_stdlib.h" />
    <ClInclude Include="libs\imgui\misc\single_file\imgui_single_file.h" />
    <ClInclude Include="libs\imgui\stb_image.h" />
    <ClInclude Include="libs\miniz\miniz.h" />
    <ClInclude Include="libs\miniz\miniz_common.h" />
    <ClInclude Include="libs\miniz\miniz_export.h" />
    <ClInclude Include="libs\miniz\miniz_tdef.h" />
    <ClInclude Include="libs\miniz\miniz_tinfl.h" />
    <ClInclude Include="libs\miniz\miniz_zip.h" />
    <ClInclude Include="libs\nlohmann\include\nlohmann\adl_serializer.hpp" />
    <ClInclude Include="libs\nlohmann\include\nlohmann\byte_container_with_subtype.hpp" />
    <ClInclude Include="libs\nlohmann\include\nlohmann\detail\abi_macros.hpp" />
    <ClInclude Include="libs\nlohmann\include\nlohmann\detail\conversions\from_json.hpp" />
    <ClInclude Include="libs\nlohmann\include\nlohmann\detail\conversions\to_chars.hpp" />
    <ClInclude Include="libs\nlohmann\include\nlohmann\detail\conversions\to_json.hpp" />
    <ClInclude Include="libs\nlohmann\include\nlohmann\detail\exceptions.hpp" />
    <ClInclude Include="libs\nlohmann\include\nlohmann\detail\hash.hpp" />
    <ClInclude Include="libs\nlohmann\include\nlohmann\detail\input\binary_reader.hpp" />
    <ClInclude Include="libs\nlohmann\include\nlohmann\detail\input\input_adapters.hpp" />
    <ClInclude Include="libs\nlohmann\include\nlohmann\detail\input\json_sax.hpp" />
    <ClInclude Include="libs\nlohmann\include\nlohmann\detail\input\lexer.hpp" />
    <ClInclude Include="libs\nlohmann\include\nlohmann\detail\input\parser.hpp" />
    <ClInclude Include="libs\nlohmann\include\nlohmann\detail\input\position_t.hpp" />
    <ClInclude Include="libs\nlohmann\include\nlohmann\detail\iterators\internal_iterator.hpp" />
    <ClInclude Include="libs\nlohmann\include\nlohmann\detail\iterators\iteration_proxy.hpp" />
    <ClInclude Include="libs\nlohmann\include\nlohmann\detail\iterators\iterator_traits.hpp" />
    <ClInclude Include="libs\nlohmann\include\nlohmann\detail\iterators\iter_impl.hpp" />
    <ClInclude Include="libs\nlohmann\include\nlohmann\detail\iterators\json_reverse_iterator.hpp" />
    <ClInclude Include="libs\nlohmann\include\nlohmann\detail\iterators\primitive_iterator.hpp" />
    <ClInclude Include="libs\nlohmann\include\nlohmann\detail\json_custom_base_class.hpp" />
    <ClInclude Include="libs\nlohmann\include\nlohmann\detail\json_pointer.hpp" />
    <ClInclude Include="libs\nlohmann\include\nlohmann\detail\json_ref.hpp" />
    <ClInclude Include="libs\nlohmann\include\nlohmann\detail\macro_scope.hpp" />
    <ClInclude Include="libs\nlohmann\include\nlohmann\detail\macro_unscope.hpp" />
    <ClInclude Include="libs\nlohmann\include\nlohmann\detail\meta\call_std\begin.hpp" />
    <ClInclude Include="libs\nlohmann\include\nlohmann\detail\meta\call_std\end.hpp" />
    <ClInclude Include="libs\nlohmann\include\nlohmann\detail\meta\cpp_future.hpp" />
    <ClInclude Include="libs\nlohmann\include\nlohmann\detail\meta\detected.hpp" />
    <ClInclude Include="libs\nlohmann\include\nlohmann\detail\meta\identity_tag.hpp" />
    <ClInclude Include="libs\nlohmann\include\nlohmann\detail\meta\is_sax.hpp" />
    <ClInclude Include="libs\nlohmann\include\nlohmann\detail\meta\logic.hpp" />
    <ClInclude Include="libs\nlohmann\include\nlohmann\detail\meta\std_fs.hpp" />
    <ClInclude Include="libs\nlohmann\include\nlohmann\detail\meta\type_traits.hpp" />
    <ClInclude Include="libs\nlohmann\include\nlohmann\detail\meta\void_t.hpp" />
    <ClInclude Include="libs\nlohmann\include\nlohmann\detail\output\binary_writer.hpp" />
    <ClInclude Include="libs\nlohmann\include\nlohmann\detail\output\output_adapters.hpp" />
    <ClInclude Include="libs\nlohmann\include\nlohmann\detail\output\serializer.hpp" />
    <ClInclude Include="libs\nlohmann\include\nlohmann\detail\string_concat.hpp" />
    <ClInclude Include="libs\nlohmann\include\nlohmann\detail\string_escape.hpp" />
    <ClInclude Include="libs\nlohmann\include\nlohmann\detail\string_utils.hpp" />
    <ClInclude Include="libs\nlohmann\include\nlohmann\detail\value_t.hpp" />
    <ClInclude Include="libs\nlohmann\include\nlohmann\json.hpp" />
    <ClInclude Include="libs\nlohmann\include\nlohmann\json_fwd.hpp" />
    <ClInclude Include="libs\nlohmann\include\nlohmann\ordered_map.hpp" />
    <ClInclude Include="libs\nlohmann\include\nlohmann\thirdparty\hedley\hedley.hpp" />
    <ClInclude Include="libs\nlohmann\include\nlohmann\thirdparty\hedley\hedley_undef.hpp" />
    <ClInclude Include="libs\nlohmann\json.hpp" />
    <ClInclude Include="libs\nlohmann\json_fwd.hpp" />
    <ClInclude Include="libs\nlohmann\single_include\nlohmann\json.hpp" />
    <ClInclude Include="libs\nlohmann\single_include\nlohmann\json_fwd.hpp" />
    <ClInclude Include="libs\z85\src\z85.h" />
    <ClInclude Include="libs\z85\src\z85.hpp" />
    <ClInclude Include="libs\z85\z85.h" />
    <ClInclude Include="libs\z85\z85.hpp" />
    <ClInclude Include="loader\entry.h" />
    <ClInclude Include="loader\proxy.h" />
    <ClInclude Include="main\config\BindSystem.h" />
    <ClInclude Include="main\config\config.h" />
    <ClInclude Include="main\config\configs_manager.h" />
    <ClInclude Include="main\config\LanguageManager.h" />
    <ClInclude Include="main\config\Translations.h" />
    <ClInclude Include="main\diagnostics\diagnostics.h" />
    <ClInclude Include="main\discordrpc\discordrpc.h" />
    <ClInclude Include="main\features\feats\actmonik\actmonik.h" />
    <ClInclude Include="main\features\feats\360camera\camera360.h" />
    <ClInclude Include="main\features\feats\alwaysbloodmoon\alwaysbloodmoon.h" />
    <ClInclude Include="main\features\feats\antikick\antikick.h" />
    <ClInclude Include="main\features\feats\audiomod\audiomod.h" />
    <ClInclude Include="main\features\feats\autogame\autogame.h" />
    <ClInclude Include="main\features\feats\autopickupbone\autopickupbone.h" />
    <ClInclude Include="main\features\feats\awesp\awesp.h" />
    <ClInclude Include="main\features\feats\cosmeticsunlocker\cosmeticunlocker.h" />
    <ClInclude Include="main\features\feats\crosshairmod\crosshairmod.h" />
    <ClInclude Include="main\features\feats\crucifixesp\crucifixesp.h" />
    <ClInclude Include="main\features\feats\crucifixmod\crucifixmod.h" />
    <ClInclude Include="main\features\feats\customlooklimits\customlooklimits.h" />
    <ClInclude Include="main\features\feats\curseditemscontroll\curseditemscontroll.h" />
    <ClInclude Include="main\features\feats\custname\customname.h" />
    <ClInclude Include="main\features\feats\custspeed\customspeed.h" />
    <ClInclude Include="main\features\feats\gamespeed\gamespeed.h" />
    <ClInclude Include="main\features\feats\ghostgps\ghostgps.h" />
    <ClInclude Include="main\features\feats\soundboard\soundboard.h" />
    <ClInclude Include="main\features\feats\spinbot\spinbot.h" />
    <ClInclude Include="main\features\feats\ghostspin\ghostspin.h" />
    <ClInclude Include="main\features\feats\ghosthandstand\ghosthandstand.h" />
    <ClInclude Include="main\features\feats\diffmod\difficultymodifier.h" />
    <ClInclude Include="main\features\feats\doormod\doormodifier.h" />
    <ClInclude Include="main\features\feats\edvesp\edvesp.h" />
    <ClInclude Include="main\features\feats\exitvanone\exitvanone.h" />
    <ClInclude Include="main\features\feats\fastthermometer\fastthermometer.h" />
    <ClInclude Include="main\features\feats\flashlightmod\flashlightmod.h" />
    <ClInclude Include="main\features\feats\fontchanger\fontchanger.h" />
    <ClInclude Include="main\features\feats\forcestart\forcestart.h" />
    <ClInclude Include="main\features\feats\foveditor\foveditor.h" />
    <ClInclude Include="main\features\feats\fullbright\fullbright.h" />
    <ClInclude Include="main\features\feats\fuseesp\fuseesp.h" />
    <ClInclude Include="main\features\feats\fusemod\fusemod.h" />
    <ClInclude Include="main\features\feats\ghostdesign\ghostdesign.h" />
    <ClInclude Include="main\features\feats\ghostesp\ghostesp.h" />
    <ClInclude Include="main\features\feats\ghostinter\ghostinter.h" />
    <ClInclude Include="main\features\feats\ghostmod\ghostmodifier.h" />
    <ClInclude Include="main\features\feats\ghostpanel\ghostpanel.h" />
    <ClInclude Include="main\features\feats\godmode\godmode.h" />
    <ClInclude Include="main\features\feats\grabkey\grabkey.h" />
    <ClInclude Include="main\features\feats\infstamina\infinitystamina.h" />
    <ClInclude Include="main\features\feats\jackalopeesp\jackalopeesp.h" />
    <ClInclude Include="main\features\feats\journalmod\journalmod.h" />
    <ClInclude Include="main\features\feats\musicpanel\musicpanel.h" />
    <ClInclude Include="main\features\feats\photomod\photomod.h" />
    <ClInclude Include="main\features\feats\showmic\showmic.h" />
    <ClInclude Include="main\features\feats\skiplayeranim\skiplayeranim.h" />
    <ClInclude Include="main\features\feats\spiritboxalw\spiritboxalw.h" />
    <ClInclude Include="main\features\feats\staminapanel\staminapanel.h" />
    <ClInclude Include="main\features\feats\vanbuttonmod\vanbuttonmod.h" />
    <ClInclude Include="main\features\feats\mapmod\mapmodifier.h" />
    <ClInclude Include="main\features\feats\noclip\noclip.h" />
    <ClInclude Include="main\features\feats\noendgame\noendgame.h" />
    <ClInclude Include="main\features\feats\notifyinfo\notifyinfo.h" />
    <ClInclude Include="main\features\feats\pickup\pickup.h" />
    <ClInclude Include="main\features\feats\playeresp\playeresp.h" />
    <ClInclude Include="main\features\feats\playermod\playermodifier.h" />
    <ClInclude Include="main\features\feats\playerpanel\playerpanel.h" />
    <ClInclude Include="main\features\feats\potatoeesp\potatoeesp.h" />
    <ClInclude Include="main\features\feats\rewardmod\rewardmodifier.h" />
    <ClInclude Include="main\features\feats\saltmod\saltmodifier.h" />
    <ClInclude Include="main\features\feats\shopmod\shopmodifier.h" />
    <ClInclude Include="main\features\feats\statspanel\statspanel.h" />
    <ClInclude Include="main\features\feats\teleport\teleport.h" />
    <ClInclude Include="main\features\feats\temperaturepanel\temperaturepanel.h" />
    <ClInclude Include="main\features\feats\tests\test.h" />
    <ClInclude Include="main\features\feats\waterka\watermark.h" />
    <ClInclude Include="main\features\feature.h" />
    <ClInclude Include="main\features\features_includes.h" />
    <ClInclude Include="main\features\settings.h" />
    <ClInclude Include="main\hooks\hooking.h" />
    <ClInclude Include="main\hooks\Hooks.h" />
    <ClInclude Include="main\logging\logger.h" />
    <ClInclude Include="main\mem\memory.h" />
    <ClInclude Include="main\menu\effects\custom_background.h" />
    <ClInclude Include="main\menu\effects\directx_blur.h" />
    <ClInclude Include="main\menu\effects\fireflies.h" />
    <ClInclude Include="main\menu\effects\petals.h" />
    <ClInclude Include="main\menu\effects\stars.h" />
    <ClInclude Include="main\menu\menu.h" />
    <ClInclude Include="main\menu\effects\pshader.h" />
    <ClInclude Include="main\menu\effects\rain.h" />
    <ClInclude Include="main\menu\renderer.h" />
    <ClInclude Include="main\menu\styles.h" />
    <ClInclude Include="main\menu\widgets\OnlyHostMark.h" />
    <ClInclude Include="main\menu\widgets\TempDisabled.h" />
    <ClInclude Include="main\sdk\Animator.h" />
    <ClInclude Include="main\sdk\Application.h" />
    <ClInclude Include="main\sdk\AudioSource.h" />
    <ClInclude Include="main\sdk\AWDoll.h" />
    <ClInclude Include="main\sdk\AzureEffectsController.h" />
    <ClInclude Include="main\sdk\Button.h" />
    <ClInclude Include="main\sdk\Camera.h" />
    <ClInclude Include="main\sdk\Candle.h" />
    <ClInclude Include="main\sdk\Collider.h" />
    <ClInclude Include="main\sdk\Color.h" />
    <ClInclude Include="main\sdk\Component.h" />
    <ClInclude Include="main\sdk\Contract.h" />
    <ClInclude Include="main\sdk\CosmeticUnlocker.h" />
    <ClInclude Include="main\sdk\Crucifix.h" />
    <ClInclude Include="main\sdk\CursedItem.h" />
    <ClInclude Include="main\sdk\CursedItemsController.h" />
    <ClInclude Include="main\sdk\Cursor.h" />
    <ClInclude Include="main\sdk\Difficulty.h" />
    <ClInclude Include="main\sdk\DNAEvidence.h" />
    <ClInclude Include="main\sdk\Door.h" />
    <ClInclude Include="main\sdk\EMF.h" />
    <ClInclude Include="main\sdk\EMFData.h" />
    <ClInclude Include="main\sdk\Equipment.h" />
    <ClInclude Include="main\sdk\Evidence.h" />
    <ClInclude Include="main\sdk\EvidenceController.h" />
    <ClInclude Include="main\sdk\EVPRecorder.h" />
    <ClInclude Include="main\sdk\ExitLevel.h" />
    <ClInclude Include="main\sdk\FallTeleportBox.h" />
    <ClInclude Include="main\sdk\FirstPersonController.h" />
    <ClInclude Include="main\sdk\Font.h" />
    <ClInclude Include="main\sdk\FuseBox.h" />
    <ClInclude Include="main\sdk\GameController.h" />
    <ClInclude Include="main\sdk\GameObject.h" />
    <ClInclude Include="main\sdk\GhostActivity.h" />
    <ClInclude Include="main\sdk\GhostAI.h" />
    <ClInclude Include="main\sdk\GhostButton.h" />
    <ClInclude Include="main\sdk\GhostEvidence.h" />
    <ClInclude Include="main\sdk\GhostInfo.h" />
    <ClInclude Include="main\sdk\GhostModel.h" />
    <ClInclude Include="main\sdk\GhostTraits.h" />
    <ClInclude Include="main\sdk\Graphic.h" />
    <ClInclude Include="main\sdk\HandCamera.h" />
    <ClInclude Include="main\sdk\HuntingState.h" />
    <ClInclude Include="main\sdk\ItemInfo.h" />
    <ClInclude Include="main\sdk\Jackalope.h" />
    <ClInclude Include="main\sdk\JournalController.h" />
    <ClInclude Include="main\sdk\JournalMedia.h" />
    <ClInclude Include="main\sdk\Journal_PhotoPage.h" />
    <ClInclude Include="main\sdk\Key.h" />
    <ClInclude Include="main\sdk\LayerMask.h" />
    <ClInclude Include="main\sdk\LevelController.h" />
    <ClInclude Include="main\sdk\LevelRoom.h" />
    <ClInclude Include="main\sdk\LevelSelectionManager.h" />
    <ClInclude Include="main\sdk\LevelStats.h" />
    <ClInclude Include="main\sdk\LevelValues.h" />
    <ClInclude Include="main\sdk\LiftButton.h" />
    <ClInclude Include="main\sdk\Light.h" />
    <ClInclude Include="main\sdk\LightningController.h" />
    <ClInclude Include="main\sdk\LightSwitch.h" />
    <ClInclude Include="main\sdk\LineRenderer.h" />
    <ClInclude Include="main\sdk\LocalPCPlayer.h" />
    <ClInclude Include="main\sdk\LocalPlayer.h" />
    <ClInclude Include="main\sdk\Map.h" />
    <ClInclude Include="main\sdk\MapController.h" />
    <ClInclude Include="main\sdk\Material.h" />
    <ClInclude Include="main\sdk\Media.h" />
    <ClInclude Include="main\sdk\MethodInfo.h" />
    <ClInclude Include="main\sdk\MonoBehaviour.h" />
    <ClInclude Include="main\sdk\MouseLook.h" />
    <ClInclude Include="main\sdk\NavMesh.h" />
    <ClInclude Include="main\sdk\Network.h" />
    <ClInclude Include="main\sdk\Object.h" />
    <ClInclude Include="main\sdk\ObjectiveManager.h" />
    <ClInclude Include="main\sdk\PauseMenuController.h" />
    <ClInclude Include="main\sdk\PhotonMessageInfo.h" />
    <ClInclude Include="main\sdk\PhotonNetwork.h" />
    <ClInclude Include="main\sdk\MediaValues.h" />
    <ClInclude Include="main\sdk\PhotonObjectInteract.h" />
    <ClInclude Include="main\sdk\PhotonView.h" />
    <ClInclude Include="main\sdk\Physics.h" />
    <ClInclude Include="main\sdk\PhysicsCharacterController.h" />
    <ClInclude Include="main\sdk\Player.h" />
    <ClInclude Include="main\sdk\PlayerSanity.h" />
    <ClInclude Include="main\sdk\PlayerStamina.h" />
    <ClInclude Include="main\sdk\Quaternion.h" />
    <ClInclude Include="main\sdk\RandomWeather.h" />
    <ClInclude Include="main\sdk\RaycastHit.h" />
    <ClInclude Include="main\sdk\RectTransform.h" />
    <ClInclude Include="main\sdk\Render.h" />
    <ClInclude Include="main\sdk\RenderSettings.h" />
    <ClInclude Include="main\sdk\Resources.h" />
    <ClInclude Include="main\sdk\RewardManager.h" />
    <ClInclude Include="main\sdk\Rigidbody.h" />
    <ClInclude Include="main\sdk\SaltShaker.h" />
    <ClInclude Include="main\sdk\SaltSpot.h" />
    <ClInclude Include="main\sdk\SceneManagement.h" />
    <ClInclude Include="main\sdk\SceneManager.h" />
    <ClInclude Include="main\sdk\Screen.h" />
    <ClInclude Include="main\sdk\ScriptableRenderContext.h" />
    <ClInclude Include="main\sdk\sdk.h" />
    <ClInclude Include="main\sdk\ServerManager.h" />
    <ClInclude Include="main\sdk\Shader.h" />
    <ClInclude Include="main\sdk\SteamFriends.h" />
    <ClInclude Include="main\sdk\StoreItem.h" />
    <ClInclude Include="main\sdk\StoreItemInfo.h" />
    <ClInclude Include="main\sdk\String.h" />
    <ClInclude Include="main\sdk\SummoningCircle.h" />
    <ClInclude Include="main\sdk\System.h" />
    <ClInclude Include="main\sdk\TarotCard.h" />
    <ClInclude Include="main\sdk\TarotCards.h" />
    <ClInclude Include="main\sdk\TextMeshProUGUI.h" />
    <ClInclude Include="main\sdk\Texture.h" />
    <ClInclude Include="main\sdk\Thermometer.h" />
    <ClInclude Include="main\sdk\ThreeStateButton.h" />
    <ClInclude Include="main\sdk\Time.h" />
    <ClInclude Include="main\sdk\Torch.h" />
    <ClInclude Include="main\sdk\Transform.h" />
    <ClInclude Include="main\sdk\Vector2.h" />
    <ClInclude Include="main\sdk\Vector3.h" />
    <ClInclude Include="main\sdk\Vector4.h" />
    <ClInclude Include="main\sdk\Voice.h" />
    <ClInclude Include="main\sdk\VoodooDollPin.h" />
    <ClInclude Include="main\sdk\WeatherProfile.h" />
    <ClInclude Include="main\utils\notification.h" />
    <ClInclude Include="main\utils\utils.h" />
    <ClInclude Include="res\fonts\DefFont.hpp" />
    <ClInclude Include="res\fonts\HeadFont.hpp" />
    <ClInclude Include="res\fonts\MenuNewFont.h" />
    <ClInclude Include="res\fonts\VCustomFont.hpp" />
    <ClInclude Include="res\images\mic_off.h" />
    <ClInclude Include="res\images\mic_on.h" />
    <ClInclude Include="res\images\mirror.h" />
    <ClInclude Include="res\images\monkey_paw.h" />
    <ClInclude Include="res\images\music_box.h" />
    <ClInclude Include="res\images\ouijaBoard.h" />
    <ClInclude Include="res\images\summoningCircle.h" />
    <ClInclude Include="res\images\tarotCard.h" />
    <ClInclude Include="res\images\uv_default.h" />
    <ClInclude Include="res\images\uv_obake.h" />
    <ClInclude Include="res\images\voodooDoll.h" />
    <ClInclude Include="main\sdk\WaitForSeconds.h" />
    <ClInclude Include="main\sdk\MainManager.h" />
  </ItemGroup>
  <ItemGroup>
    <None Include="packages.config" />
  </ItemGroup>
</Project>